// !$*UTF8*$!
{
	archiveVersion = 1;
	classes = {
	};
	objectVersion = 54;
	objects = {

/* Begin PBXBuildFile section */
		7AFC74CB26E5830C00E871DE /* Tests_iOS.swift in Sources */ = {isa = PBXBuildFile; fileRef = 7AFC74CA26E5830C00E871DE /* Tests_iOS.swift */; };
		7AFC74D526E5830C00E871DE /* Tests_macOS.swift in Sources */ = {isa = PBXBuildFile; fileRef = 7AFC74D426E5830C00E871DE /* Tests_macOS.swift */; };
		7AFC74D626E5830C00E871DE /* Permissions_CalculatorApp.swift in Sources */ = {isa = PBXBuildFile; fileRef = 7AFC74B426E5830B00E871DE /* Permissions_CalculatorApp.swift */; };
		7AFC74D726E5830C00E871DE /* Permissions_CalculatorApp.swift in Sources */ = {isa = PBXBuildFile; fileRef = 7AFC74B426E5830B00E871DE /* Permissions_CalculatorApp.swift */; };
		7AFC74D826E5830C00E871DE /* ContentView.swift in Sources */ = {isa = PBXBuildFile; fileRef = 7AFC74B526E5830B00E871DE /* ContentView.swift */; };
		7AFC74D926E5830C00E871DE /* ContentView.swift in Sources */ = {isa = PBXBuildFile; fileRef = 7AFC74B526E5830B00E871DE /* ContentView.swift */; };
		7AFC74DA26E5830C00E871DE /* Assets.xcassets in Resources */ = {isa = PBXBuildFile; fileRef = 7AFC74B626E5830C00E871DE /* Assets.xcassets */; };
		7AFC74DB26E5830C00E871DE /* Assets.xcassets in Resources */ = {isa = PBXBuildFile; fileRef = 7AFC74B626E5830C00E871DE /* Assets.xcassets */; };
		7AFC74EB26E5840C00E871DE /* PermissionView.swift in Sources */ = {isa = PBXBuildFile; fileRef = 7AFC74EA26E5840C00E871DE /* PermissionView.swift */; };
		7AFC74EC26E5840C00E871DE /* PermissionView.swift in Sources */ = {isa = PBXBuildFile; fileRef = 7AFC74EA26E5840C00E871DE /* PermissionView.swift */; };
		7AFC74EE26E5884300E871DE /* BitArray.swift in Sources */ = {isa = PBXBuildFile; fileRef = 7AFC74ED26E5884300E871DE /* BitArray.swift */; };
		7AFC74EF26E5884300E871DE /* BitArray.swift in Sources */ = {isa = PBXBuildFile; fileRef = 7AFC74ED26E5884300E871DE /* BitArray.swift */; };
		7AFC74F126E58C1A00E871DE /* StringEncoding.swift in Sources */ = {isa = PBXBuildFile; fileRef = 7AFC74F026E58C1A00E871DE /* StringEncoding.swift */; };
		7AFC74F226E58C1A00E871DE /* StringEncoding.swift in Sources */ = {isa = PBXBuildFile; fileRef = 7AFC74F026E58C1A00E871DE /* StringEncoding.swift */; };
		7AFC74F426E5996E00E871DE /* Permissions.swift in Sources */ = {isa = PBXBuildFile; fileRef = 7AFC74F326E5996E00E871DE /* Permissions.swift */; };
		7AFC74F526E5996E00E871DE /* Permissions.swift in Sources */ = {isa = PBXBuildFile; fileRef = 7AFC74F326E5996E00E871DE /* Permissions.swift */; };
/* End PBXBuildFile section */

/* Begin PBXContainerItemProxy section */
		7AFC74C726E5830C00E871DE /* PBXContainerItemProxy */ = {
			isa = PBXContainerItemProxy;
			containerPortal = 7AFC74AF26E5830B00E871DE /* Project object */;
			proxyType = 1;
			remoteGlobalIDString = 7AFC74BA26E5830C00E871DE;
			remoteInfo = "Permissions Calculator (iOS)";
		};
		7AFC74D126E5830C00E871DE /* PBXContainerItemProxy */ = {
			isa = PBXContainerItemProxy;
			containerPortal = 7AFC74AF26E5830B00E871DE /* Project object */;
			proxyType = 1;
			remoteGlobalIDString = 7AFC74C026E5830C00E871DE;
			remoteInfo = "Permissions Calculator (macOS)";
		};
/* End PBXContainerItemProxy section */

/* Begin PBXFileReference section */
		7AE128B526E6BFF2002E44CE /* LICENSE.md */ = {isa = PBXFileReference; lastKnownFileType = net.daringfireball.markdown; path = LICENSE.md; sourceTree = "<group>"; };
		7AFC74B426E5830B00E871DE /* Permissions_CalculatorApp.swift */ = {isa = PBXFileReference; lastKnownFileType = sourcecode.swift; path = Permissions_CalculatorApp.swift; sourceTree = "<group>"; };
		7AFC74B526E5830B00E871DE /* ContentView.swift */ = {isa = PBXFileReference; lastKnownFileType = sourcecode.swift; path = ContentView.swift; sourceTree = "<group>"; };
		7AFC74B626E5830C00E871DE /* Assets.xcassets */ = {isa = PBXFileReference; lastKnownFileType = folder.assetcatalog; path = Assets.xcassets; sourceTree = "<group>"; };
		7AFC74BB26E5830C00E871DE /* RWX.app */ = {isa = PBXFileReference; explicitFileType = wrapper.application; includeInIndex = 0; path = RWX.app; sourceTree = BUILT_PRODUCTS_DIR; };
		7AFC74C126E5830C00E871DE /* RWX.app */ = {isa = PBXFileReference; explicitFileType = wrapper.application; includeInIndex = 0; path = RWX.app; sourceTree = BUILT_PRODUCTS_DIR; };
		7AFC74C626E5830C00E871DE /* Tests iOS.xctest */ = {isa = PBXFileReference; explicitFileType = wrapper.cfbundle; includeInIndex = 0; path = "Tests iOS.xctest"; sourceTree = BUILT_PRODUCTS_DIR; };
		7AFC74CA26E5830C00E871DE /* Tests_iOS.swift */ = {isa = PBXFileReference; lastKnownFileType = sourcecode.swift; path = Tests_iOS.swift; sourceTree = "<group>"; };
		7AFC74D026E5830C00E871DE /* Tests macOS.xctest */ = {isa = PBXFileReference; explicitFileType = wrapper.cfbundle; includeInIndex = 0; path = "Tests macOS.xctest"; sourceTree = BUILT_PRODUCTS_DIR; };
		7AFC74D426E5830C00E871DE /* Tests_macOS.swift */ = {isa = PBXFileReference; lastKnownFileType = sourcecode.swift; path = Tests_macOS.swift; sourceTree = "<group>"; };
		7AFC74EA26E5840C00E871DE /* PermissionView.swift */ = {isa = PBXFileReference; lastKnownFileType = sourcecode.swift; path = PermissionView.swift; sourceTree = "<group>"; };
		7AFC74ED26E5884300E871DE /* BitArray.swift */ = {isa = PBXFileReference; lastKnownFileType = sourcecode.swift; path = BitArray.swift; sourceTree = "<group>"; };
		7AFC74F026E58C1A00E871DE /* StringEncoding.swift */ = {isa = PBXFileReference; lastKnownFileType = sourcecode.swift; path = StringEncoding.swift; sourceTree = "<group>"; };
		7AFC74F326E5996E00E871DE /* Permissions.swift */ = {isa = PBXFileReference; lastKnownFileType = sourcecode.swift; path = Permissions.swift; sourceTree = "<group>"; };
/* End PBXFileReference section */

/* Begin PBXFrameworksBuildPhase section */
		7AFC74B826E5830C00E871DE /* Frameworks */ = {
			isa = PBXFrameworksBuildPhase;
			buildActionMask = 2147483647;
			files = (
			);
			runOnlyForDeploymentPostprocessing = 0;
		};
		7AFC74BE26E5830C00E871DE /* Frameworks */ = {
			isa = PBXFrameworksBuildPhase;
			buildActionMask = 2147483647;
			files = (
			);
			runOnlyForDeploymentPostprocessing = 0;
		};
		7AFC74C326E5830C00E871DE /* Frameworks */ = {
			isa = PBXFrameworksBuildPhase;
			buildActionMask = 2147483647;
			files = (
			);
			runOnlyForDeploymentPostprocessing = 0;
		};
		7AFC74CD26E5830C00E871DE /* Frameworks */ = {
			isa = PBXFrameworksBuildPhase;
			buildActionMask = 2147483647;
			files = (
			);
			runOnlyForDeploymentPostprocessing = 0;
		};
/* End PBXFrameworksBuildPhase section */

/* Begin PBXGroup section */
		7AFC74AE26E5830B00E871DE = {
			isa = PBXGroup;
			children = (
				7AE128B526E6BFF2002E44CE /* LICENSE.md */,
				7AFC74B326E5830B00E871DE /* Shared */,
				7AFC74C926E5830C00E871DE /* Tests iOS */,
				7AFC74D326E5830C00E871DE /* Tests macOS */,
				7AFC74BC26E5830C00E871DE /* Products */,
			);
			sourceTree = "<group>";
		};
		7AFC74B326E5830B00E871DE /* Shared */ = {
			isa = PBXGroup;
			children = (
				7AFC74F026E58C1A00E871DE /* StringEncoding.swift */,
				7AFC74B426E5830B00E871DE /* Permissions_CalculatorApp.swift */,
				7AFC74B526E5830B00E871DE /* ContentView.swift */,
				7AFC74F326E5996E00E871DE /* Permissions.swift */,
				7AFC74ED26E5884300E871DE /* BitArray.swift */,
				7AFC74EA26E5840C00E871DE /* PermissionView.swift */,
				7AFC74B626E5830C00E871DE /* Assets.xcassets */,
			);
			path = Shared;
			sourceTree = "<group>";
		};
		7AFC74BC26E5830C00E871DE /* Products */ = {
			isa = PBXGroup;
			children = (
				7AFC74BB26E5830C00E871DE /* RWX.app */,
				7AFC74C126E5830C00E871DE /* RWX.app */,
				7AFC74C626E5830C00E871DE /* Tests iOS.xctest */,
				7AFC74D026E5830C00E871DE /* Tests macOS.xctest */,
			);
			name = Products;
			sourceTree = "<group>";
		};
		7AFC74C926E5830C00E871DE /* Tests iOS */ = {
			isa = PBXGroup;
			children = (
				7AFC74CA26E5830C00E871DE /* Tests_iOS.swift */,
			);
			path = "Tests iOS";
			sourceTree = "<group>";
		};
		7AFC74D326E5830C00E871DE /* Tests macOS */ = {
			isa = PBXGroup;
			children = (
				7AFC74D426E5830C00E871DE /* Tests_macOS.swift */,
			);
			path = "Tests macOS";
			sourceTree = "<group>";
		};
/* End PBXGroup section */

/* Begin PBXNativeTarget section */
		7AFC74BA26E5830C00E871DE /* RWX (iOS) */ = {
			isa = PBXNativeTarget;
			buildConfigurationList = 7AFC74DE26E5830C00E871DE /* Build configuration list for PBXNativeTarget "RWX (iOS)" */;
			buildPhases = (
				7AFC74B726E5830C00E871DE /* Sources */,
				7AFC74B826E5830C00E871DE /* Frameworks */,
				7AFC74B926E5830C00E871DE /* Resources */,
			);
			buildRules = (
			);
			dependencies = (
			);
			name = "RWX (iOS)";
			productName = "Permissions Calculator (iOS)";
			productReference = 7AFC74BB26E5830C00E871DE /* RWX.app */;
			productType = "com.apple.product-type.application";
		};
		7AFC74C026E5830C00E871DE /* RWX (macOS) */ = {
			isa = PBXNativeTarget;
			buildConfigurationList = 7AFC74E126E5830C00E871DE /* Build configuration list for PBXNativeTarget "RWX (macOS)" */;
			buildPhases = (
				7AFC74BD26E5830C00E871DE /* Sources */,
				7AFC74BE26E5830C00E871DE /* Frameworks */,
				7AFC74BF26E5830C00E871DE /* Resources */,
			);
			buildRules = (
			);
			dependencies = (
			);
			name = "RWX (macOS)";
			productName = "Permissions Calculator (macOS)";
			productReference = 7AFC74C126E5830C00E871DE /* RWX.app */;
			productType = "com.apple.product-type.application";
		};
		7AFC74C526E5830C00E871DE /* Tests iOS */ = {
			isa = PBXNativeTarget;
			buildConfigurationList = 7AFC74E426E5830C00E871DE /* Build configuration list for PBXNativeTarget "Tests iOS" */;
			buildPhases = (
				7AFC74C226E5830C00E871DE /* Sources */,
				7AFC74C326E5830C00E871DE /* Frameworks */,
				7AFC74C426E5830C00E871DE /* Resources */,
			);
			buildRules = (
			);
			dependencies = (
				7AFC74C826E5830C00E871DE /* PBXTargetDependency */,
			);
			name = "Tests iOS";
			productName = "Tests iOS";
			productReference = 7AFC74C626E5830C00E871DE /* Tests iOS.xctest */;
			productType = "com.apple.product-type.bundle.ui-testing";
		};
		7AFC74CF26E5830C00E871DE /* Tests macOS */ = {
			isa = PBXNativeTarget;
			buildConfigurationList = 7AFC74E726E5830C00E871DE /* Build configuration list for PBXNativeTarget "Tests macOS" */;
			buildPhases = (
				7AFC74CC26E5830C00E871DE /* Sources */,
				7AFC74CD26E5830C00E871DE /* Frameworks */,
				7AFC74CE26E5830C00E871DE /* Resources */,
			);
			buildRules = (
			);
			dependencies = (
				7AFC74D226E5830C00E871DE /* PBXTargetDependency */,
			);
			name = "Tests macOS";
			productName = "Tests macOS";
			productReference = 7AFC74D026E5830C00E871DE /* Tests macOS.xctest */;
			productType = "com.apple.product-type.bundle.ui-testing";
		};
/* End PBXNativeTarget section */

/* Begin PBXProject section */
		7AFC74AF26E5830B00E871DE /* Project object */ = {
			isa = PBXProject;
			attributes = {
				BuildIndependentTargetsInParallel = 1;
				LastSwiftUpdateCheck = 1300;
				LastUpgradeCheck = 1300;
				TargetAttributes = {
					7AFC74BA26E5830C00E871DE = {
						CreatedOnToolsVersion = 13.0;
					};
					7AFC74C026E5830C00E871DE = {
						CreatedOnToolsVersion = 13.0;
					};
					7AFC74C526E5830C00E871DE = {
						CreatedOnToolsVersion = 13.0;
						TestTargetID = 7AFC74BA26E5830C00E871DE;
					};
					7AFC74CF26E5830C00E871DE = {
						CreatedOnToolsVersion = 13.0;
						TestTargetID = 7AFC74C026E5830C00E871DE;
					};
				};
			};
			buildConfigurationList = 7AFC74B226E5830B00E871DE /* Build configuration list for PBXProject "RWX" */;
			compatibilityVersion = "Xcode 12.0";
			developmentRegion = en;
			hasScannedForEncodings = 0;
			knownRegions = (
				en,
				Base,
			);
			mainGroup = 7AFC74AE26E5830B00E871DE;
			productRefGroup = 7AFC74BC26E5830C00E871DE /* Products */;
			projectDirPath = "";
			projectRoot = "";
			targets = (
				7AFC74BA26E5830C00E871DE /* RWX (iOS) */,
				7AFC74C026E5830C00E871DE /* RWX (macOS) */,
				7AFC74C526E5830C00E871DE /* Tests iOS */,
				7AFC74CF26E5830C00E871DE /* Tests macOS */,
			);
		};
/* End PBXProject section */

/* Begin PBXResourcesBuildPhase section */
		7AFC74B926E5830C00E871DE /* Resources */ = {
			isa = PBXResourcesBuildPhase;
			buildActionMask = 2147483647;
			files = (
				7AFC74DA26E5830C00E871DE /* Assets.xcassets in Resources */,
			);
			runOnlyForDeploymentPostprocessing = 0;
		};
		7AFC74BF26E5830C00E871DE /* Resources */ = {
			isa = PBXResourcesBuildPhase;
			buildActionMask = 2147483647;
			files = (
				7AFC74DB26E5830C00E871DE /* Assets.xcassets in Resources */,
			);
			runOnlyForDeploymentPostprocessing = 0;
		};
		7AFC74C426E5830C00E871DE /* Resources */ = {
			isa = PBXResourcesBuildPhase;
			buildActionMask = 2147483647;
			files = (
			);
			runOnlyForDeploymentPostprocessing = 0;
		};
		7AFC74CE26E5830C00E871DE /* Resources */ = {
			isa = PBXResourcesBuildPhase;
			buildActionMask = 2147483647;
			files = (
			);
			runOnlyForDeploymentPostprocessing = 0;
		};
/* End PBXResourcesBuildPhase section */

/* Begin PBXSourcesBuildPhase section */
		7AFC74B726E5830C00E871DE /* Sources */ = {
			isa = PBXSourcesBuildPhase;
			buildActionMask = 2147483647;
			files = (
				7AFC74F126E58C1A00E871DE /* StringEncoding.swift in Sources */,
				7AFC74EB26E5840C00E871DE /* PermissionView.swift in Sources */,
				7AFC74D826E5830C00E871DE /* ContentView.swift in Sources */,
				7AFC74F426E5996E00E871DE /* Permissions.swift in Sources */,
				7AFC74D626E5830C00E871DE /* Permissions_CalculatorApp.swift in Sources */,
				7AFC74EE26E5884300E871DE /* BitArray.swift in Sources */,
			);
			runOnlyForDeploymentPostprocessing = 0;
		};
		7AFC74BD26E5830C00E871DE /* Sources */ = {
			isa = PBXSourcesBuildPhase;
			buildActionMask = 2147483647;
			files = (
				7AFC74F226E58C1A00E871DE /* StringEncoding.swift in Sources */,
				7AFC74EC26E5840C00E871DE /* PermissionView.swift in Sources */,
				7AFC74D926E5830C00E871DE /* ContentView.swift in Sources */,
				7AFC74F526E5996E00E871DE /* Permissions.swift in Sources */,
				7AFC74D726E5830C00E871DE /* Permissions_CalculatorApp.swift in Sources */,
				7AFC74EF26E5884300E871DE /* BitArray.swift in Sources */,
			);
			runOnlyForDeploymentPostprocessing = 0;
		};
		7AFC74C226E5830C00E871DE /* Sources */ = {
			isa = PBXSourcesBuildPhase;
			buildActionMask = 2147483647;
			files = (
				7AFC74CB26E5830C00E871DE /* Tests_iOS.swift in Sources */,
			);
			runOnlyForDeploymentPostprocessing = 0;
		};
		7AFC74CC26E5830C00E871DE /* Sources */ = {
			isa = PBXSourcesBuildPhase;
			buildActionMask = 2147483647;
			files = (
				7AFC74D526E5830C00E871DE /* Tests_macOS.swift in Sources */,
			);
			runOnlyForDeploymentPostprocessing = 0;
		};
/* End PBXSourcesBuildPhase section */

/* Begin PBXTargetDependency section */
		7AFC74C826E5830C00E871DE /* PBXTargetDependency */ = {
			isa = PBXTargetDependency;
			target = 7AFC74BA26E5830C00E871DE /* RWX (iOS) */;
			targetProxy = 7AFC74C726E5830C00E871DE /* PBXContainerItemProxy */;
		};
		7AFC74D226E5830C00E871DE /* PBXTargetDependency */ = {
			isa = PBXTargetDependency;
			target = 7AFC74C026E5830C00E871DE /* RWX (macOS) */;
			targetProxy = 7AFC74D126E5830C00E871DE /* PBXContainerItemProxy */;
		};
/* End PBXTargetDependency section */

/* Begin XCBuildConfiguration section */
		7AFC74DC26E5830C00E871DE /* Debug */ = {
			isa = XCBuildConfiguration;
			buildSettings = {
				ALWAYS_SEARCH_USER_PATHS = NO;
				CLANG_ANALYZER_NONNULL = YES;
				CLANG_ANALYZER_NUMBER_OBJECT_CONVERSION = YES_AGGRESSIVE;
				CLANG_CXX_LANGUAGE_STANDARD = "gnu++17";
				CLANG_CXX_LIBRARY = "libc++";
				CLANG_ENABLE_MODULES = YES;
				CLANG_ENABLE_OBJC_ARC = YES;
				CLANG_ENABLE_OBJC_WEAK = YES;
				CLANG_WARN_BLOCK_CAPTURE_AUTORELEASING = YES;
				CLANG_WARN_BOOL_CONVERSION = YES;
				CLANG_WARN_COMMA = YES;
				CLANG_WARN_CONSTANT_CONVERSION = YES;
				CLANG_WARN_DEPRECATED_OBJC_IMPLEMENTATIONS = YES;
				CLANG_WARN_DIRECT_OBJC_ISA_USAGE = YES_ERROR;
				CLANG_WARN_DOCUMENTATION_COMMENTS = YES;
				CLANG_WARN_EMPTY_BODY = YES;
				CLANG_WARN_ENUM_CONVERSION = YES;
				CLANG_WARN_INFINITE_RECURSION = YES;
				CLANG_WARN_INT_CONVERSION = YES;
				CLANG_WARN_NON_LITERAL_NULL_CONVERSION = YES;
				CLANG_WARN_OBJC_IMPLICIT_RETAIN_SELF = YES;
				CLANG_WARN_OBJC_LITERAL_CONVERSION = YES;
				CLANG_WARN_OBJC_ROOT_CLASS = YES_ERROR;
				CLANG_WARN_QUOTED_INCLUDE_IN_FRAMEWORK_HEADER = YES;
				CLANG_WARN_RANGE_LOOP_ANALYSIS = YES;
				CLANG_WARN_STRICT_PROTOTYPES = YES;
				CLANG_WARN_SUSPICIOUS_MOVE = YES;
				CLANG_WARN_UNGUARDED_AVAILABILITY = YES_AGGRESSIVE;
				CLANG_WARN_UNREACHABLE_CODE = YES;
				CLANG_WARN__DUPLICATE_METHOD_MATCH = YES;
				COPY_PHASE_STRIP = NO;
				DEBUG_INFORMATION_FORMAT = dwarf;
				ENABLE_STRICT_OBJC_MSGSEND = YES;
				ENABLE_TESTABILITY = YES;
				GCC_C_LANGUAGE_STANDARD = gnu11;
				GCC_DYNAMIC_NO_PIC = NO;
				GCC_NO_COMMON_BLOCKS = YES;
				GCC_OPTIMIZATION_LEVEL = 0;
				GCC_PREPROCESSOR_DEFINITIONS = (
					"DEBUG=1",
					"$(inherited)",
				);
				GCC_WARN_64_TO_32_BIT_CONVERSION = YES;
				GCC_WARN_ABOUT_RETURN_TYPE = YES_ERROR;
				GCC_WARN_UNDECLARED_SELECTOR = YES;
				GCC_WARN_UNINITIALIZED_AUTOS = YES_AGGRESSIVE;
				GCC_WARN_UNUSED_FUNCTION = YES;
				GCC_WARN_UNUSED_VARIABLE = YES;
				MTL_ENABLE_DEBUG_INFO = INCLUDE_SOURCE;
				MTL_FAST_MATH = YES;
				ONLY_ACTIVE_ARCH = YES;
				SWIFT_ACTIVE_COMPILATION_CONDITIONS = DEBUG;
				SWIFT_OPTIMIZATION_LEVEL = "-Onone";
			};
			name = Debug;
		};
		7AFC74DD26E5830C00E871DE /* Release */ = {
			isa = XCBuildConfiguration;
			buildSettings = {
				ALWAYS_SEARCH_USER_PATHS = NO;
				CLANG_ANALYZER_NONNULL = YES;
				CLANG_ANALYZER_NUMBER_OBJECT_CONVERSION = YES_AGGRESSIVE;
				CLANG_CXX_LANGUAGE_STANDARD = "gnu++17";
				CLANG_CXX_LIBRARY = "libc++";
				CLANG_ENABLE_MODULES = YES;
				CLANG_ENABLE_OBJC_ARC = YES;
				CLANG_ENABLE_OBJC_WEAK = YES;
				CLANG_WARN_BLOCK_CAPTURE_AUTORELEASING = YES;
				CLANG_WARN_BOOL_CONVERSION = YES;
				CLANG_WARN_COMMA = YES;
				CLANG_WARN_CONSTANT_CONVERSION = YES;
				CLANG_WARN_DEPRECATED_OBJC_IMPLEMENTATIONS = YES;
				CLANG_WARN_DIRECT_OBJC_ISA_USAGE = YES_ERROR;
				CLANG_WARN_DOCUMENTATION_COMMENTS = YES;
				CLANG_WARN_EMPTY_BODY = YES;
				CLANG_WARN_ENUM_CONVERSION = YES;
				CLANG_WARN_INFINITE_RECURSION = YES;
				CLANG_WARN_INT_CONVERSION = YES;
				CLANG_WARN_NON_LITERAL_NULL_CONVERSION = YES;
				CLANG_WARN_OBJC_IMPLICIT_RETAIN_SELF = YES;
				CLANG_WARN_OBJC_LITERAL_CONVERSION = YES;
				CLANG_WARN_OBJC_ROOT_CLASS = YES_ERROR;
				CLANG_WARN_QUOTED_INCLUDE_IN_FRAMEWORK_HEADER = YES;
				CLANG_WARN_RANGE_LOOP_ANALYSIS = YES;
				CLANG_WARN_STRICT_PROTOTYPES = YES;
				CLANG_WARN_SUSPICIOUS_MOVE = YES;
				CLANG_WARN_UNGUARDED_AVAILABILITY = YES_AGGRESSIVE;
				CLANG_WARN_UNREACHABLE_CODE = YES;
				CLANG_WARN__DUPLICATE_METHOD_MATCH = YES;
				COPY_PHASE_STRIP = NO;
				DEBUG_INFORMATION_FORMAT = "dwarf-with-dsym";
				ENABLE_NS_ASSERTIONS = NO;
				ENABLE_STRICT_OBJC_MSGSEND = YES;
				GCC_C_LANGUAGE_STANDARD = gnu11;
				GCC_NO_COMMON_BLOCKS = YES;
				GCC_WARN_64_TO_32_BIT_CONVERSION = YES;
				GCC_WARN_ABOUT_RETURN_TYPE = YES_ERROR;
				GCC_WARN_UNDECLARED_SELECTOR = YES;
				GCC_WARN_UNINITIALIZED_AUTOS = YES_AGGRESSIVE;
				GCC_WARN_UNUSED_FUNCTION = YES;
				GCC_WARN_UNUSED_VARIABLE = YES;
				MTL_ENABLE_DEBUG_INFO = NO;
				MTL_FAST_MATH = YES;
				SWIFT_COMPILATION_MODE = wholemodule;
				SWIFT_OPTIMIZATION_LEVEL = "-O";
			};
			name = Release;
		};
		7AFC74DF26E5830C00E871DE /* Debug */ = {
			isa = XCBuildConfiguration;
			buildSettings = {
				ASSETCATALOG_COMPILER_APPICON_NAME = AppIcon;
				ASSETCATALOG_COMPILER_GLOBAL_ACCENT_COLOR_NAME = AccentColor;
				CODE_SIGN_STYLE = Automatic;
				CURRENT_PROJECT_VERSION = 1;
				DEVELOPMENT_TEAM = ZCCWFHG6T3;
				ENABLE_PREVIEWS = YES;
				GENERATE_INFOPLIST_FILE = YES;
				INFOPLIST_KEY_UIApplicationSceneManifest_Generation = YES;
				INFOPLIST_KEY_UIApplicationSupportsIndirectInputEvents = YES;
				INFOPLIST_KEY_UILaunchScreen_Generation = YES;
				INFOPLIST_KEY_UISupportedInterfaceOrientations_iPad = "UIInterfaceOrientationPortrait UIInterfaceOrientationPortraitUpsideDown UIInterfaceOrientationLandscapeLeft UIInterfaceOrientationLandscapeRight";
				INFOPLIST_KEY_UISupportedInterfaceOrientations_iPhone = "UIInterfaceOrientationPortrait UIInterfaceOrientationLandscapeLeft UIInterfaceOrientationLandscapeRight";
				IPHONEOS_DEPLOYMENT_TARGET = 14.0;
				LD_RUNPATH_SEARCH_PATHS = (
					"$(inherited)",
					"@executable_path/Frameworks",
				);
				MARKETING_VERSION = 1.0;
				PRODUCT_BUNDLE_IDENTIFIER = com.allotrope.cwelsh.rwx;
				PRODUCT_NAME = RWX;
				SDKROOT = iphoneos;
				SWIFT_EMIT_LOC_STRINGS = YES;
				SWIFT_VERSION = 5.0;
				TARGETED_DEVICE_FAMILY = "1,2";
			};
			name = Debug;
		};
		7AFC74E026E5830C00E871DE /* Release */ = {
			isa = XCBuildConfiguration;
			buildSettings = {
				ASSETCATALOG_COMPILER_APPICON_NAME = AppIcon;
				ASSETCATALOG_COMPILER_GLOBAL_ACCENT_COLOR_NAME = AccentColor;
				CODE_SIGN_STYLE = Automatic;
				CURRENT_PROJECT_VERSION = 1;
				DEVELOPMENT_TEAM = ZCCWFHG6T3;
				ENABLE_PREVIEWS = YES;
				GENERATE_INFOPLIST_FILE = YES;
				INFOPLIST_KEY_UIApplicationSceneManifest_Generation = YES;
				INFOPLIST_KEY_UIApplicationSupportsIndirectInputEvents = YES;
				INFOPLIST_KEY_UILaunchScreen_Generation = YES;
				INFOPLIST_KEY_UISupportedInterfaceOrientations_iPad = "UIInterfaceOrientationPortrait UIInterfaceOrientationPortraitUpsideDown UIInterfaceOrientationLandscapeLeft UIInterfaceOrientationLandscapeRight";
				INFOPLIST_KEY_UISupportedInterfaceOrientations_iPhone = "UIInterfaceOrientationPortrait UIInterfaceOrientationLandscapeLeft UIInterfaceOrientationLandscapeRight";
				IPHONEOS_DEPLOYMENT_TARGET = 14.0;
				LD_RUNPATH_SEARCH_PATHS = (
					"$(inherited)",
					"@executable_path/Frameworks",
				);
				MARKETING_VERSION = 1.0;
				PRODUCT_BUNDLE_IDENTIFIER = com.allotrope.cwelsh.rwx;
				PRODUCT_NAME = RWX;
				SDKROOT = iphoneos;
				SWIFT_EMIT_LOC_STRINGS = YES;
				SWIFT_VERSION = 5.0;
				TARGETED_DEVICE_FAMILY = "1,2";
				VALIDATE_PRODUCT = YES;
			};
			name = Release;
		};
		7AFC74E226E5830C00E871DE /* Debug */ = {
			isa = XCBuildConfiguration;
			buildSettings = {
				ASSETCATALOG_COMPILER_APPICON_NAME = AppIcon;
				ASSETCATALOG_COMPILER_GLOBAL_ACCENT_COLOR_NAME = AccentColor;
				CODE_SIGN_STYLE = Automatic;
				COMBINE_HIDPI_IMAGES = YES;
				CURRENT_PROJECT_VERSION = 1;
				DEVELOPMENT_TEAM = ZCCWFHG6T3;
				ENABLE_APP_SANDBOX = YES;
				ENABLE_HARDENED_RUNTIME = YES;
				ENABLE_PREVIEWS = YES;
				ENABLE_USER_SELECTED_FILES = readonly;
				GENERATE_INFOPLIST_FILE = YES;
				INFOPLIST_KEY_LSApplicationCategoryType = "public.app-category.developer-tools";
				INFOPLIST_KEY_NSHumanReadableCopyright = "";
				LD_RUNPATH_SEARCH_PATHS = (
					"$(inherited)",
					"@executable_path/../Frameworks",
				);
				MACOSX_DEPLOYMENT_TARGET = 11.0;
				MARKETING_VERSION = 1.0;
				PRODUCT_BUNDLE_IDENTIFIER = com.allotrope.cwelsh.rwx;
				PRODUCT_NAME = RWX;
				SDKROOT = macosx;
				SWIFT_EMIT_LOC_STRINGS = YES;
				SWIFT_VERSION = 5.0;
			};
			name = Debug;
		};
		7AFC74E326E5830C00E871DE /* Release */ = {
			isa = XCBuildConfiguration;
			buildSettings = {
				ASSETCATALOG_COMPILER_APPICON_NAME = AppIcon;
				ASSETCATALOG_COMPILER_GLOBAL_ACCENT_COLOR_NAME = AccentColor;
				CODE_SIGN_STYLE = Automatic;
				COMBINE_HIDPI_IMAGES = YES;
				CURRENT_PROJECT_VERSION = 1;
				DEVELOPMENT_TEAM = ZCCWFHG6T3;
				ENABLE_APP_SANDBOX = YES;
				ENABLE_HARDENED_RUNTIME = YES;
				ENABLE_PREVIEWS = YES;
				ENABLE_USER_SELECTED_FILES = readonly;
				GENERATE_INFOPLIST_FILE = YES;
				INFOPLIST_KEY_LSApplicationCategoryType = "public.app-category.developer-tools";
				INFOPLIST_KEY_NSHumanReadableCopyright = "";
				LD_RUNPATH_SEARCH_PATHS = (
					"$(inherited)",
					"@executable_path/../Frameworks",
				);
				MACOSX_DEPLOYMENT_TARGET = 11.0;
				MARKETING_VERSION = 1.0;
				PRODUCT_BUNDLE_IDENTIFIER = com.allotrope.cwelsh.rwx;
				PRODUCT_NAME = RWX;
				SDKROOT = macosx;
				SWIFT_EMIT_LOC_STRINGS = YES;
				SWIFT_VERSION = 5.0;
			};
			name = Release;
		};
		7AFC74E526E5830C00E871DE /* Debug */ = {
			isa = XCBuildConfiguration;
			buildSettings = {
				ALWAYS_EMBED_SWIFT_STANDARD_LIBRARIES = YES;
				CODE_SIGN_STYLE = Automatic;
				CURRENT_PROJECT_VERSION = 1;
				DEVELOPMENT_TEAM = ZCCWFHG6T3;
				GENERATE_INFOPLIST_FILE = YES;
				IPHONEOS_DEPLOYMENT_TARGET = 15.0;
				LD_RUNPATH_SEARCH_PATHS = (
					"$(inherited)",
					"@executable_path/Frameworks",
					"@loader_path/Frameworks",
				);
				MARKETING_VERSION = 1.0;
				PRODUCT_BUNDLE_IDENTIFIER = "com.cwelsh.Tests-iOS";
				PRODUCT_NAME = "$(TARGET_NAME)";
				SDKROOT = iphoneos;
				SWIFT_EMIT_LOC_STRINGS = NO;
				SWIFT_VERSION = 5.0;
				TARGETED_DEVICE_FAMILY = "1,2";
				TEST_TARGET_NAME = "Permissions Calculator (iOS)";
			};
			name = Debug;
		};
		7AFC74E626E5830C00E871DE /* Release */ = {
			isa = XCBuildConfiguration;
			buildSettings = {
				ALWAYS_EMBED_SWIFT_STANDARD_LIBRARIES = YES;
				CODE_SIGN_STYLE = Automatic;
				CURRENT_PROJECT_VERSION = 1;
				DEVELOPMENT_TEAM = ZCCWFHG6T3;
				GENERATE_INFOPLIST_FILE = YES;
				IPHONEOS_DEPLOYMENT_TARGET = 15.0;
				LD_RUNPATH_SEARCH_PATHS = (
					"$(inherited)",
					"@executable_path/Frameworks",
					"@loader_path/Frameworks",
				);
				MARKETING_VERSION = 1.0;
				PRODUCT_BUNDLE_IDENTIFIER = "com.cwelsh.Tests-iOS";
				PRODUCT_NAME = "$(TARGET_NAME)";
				SDKROOT = iphoneos;
				SWIFT_EMIT_LOC_STRINGS = NO;
				SWIFT_VERSION = 5.0;
				TARGETED_DEVICE_FAMILY = "1,2";
				TEST_TARGET_NAME = "Permissions Calculator (iOS)";
				VALIDATE_PRODUCT = YES;
			};
			name = Release;
		};
		7AFC74E826E5830C00E871DE /* Debug */ = {
			isa = XCBuildConfiguration;
			buildSettings = {
				ALWAYS_EMBED_SWIFT_STANDARD_LIBRARIES = YES;
				CODE_SIGN_STYLE = Automatic;
				COMBINE_HIDPI_IMAGES = YES;
				CURRENT_PROJECT_VERSION = 1;
				DEVELOPMENT_TEAM = ZCCWFHG6T3;
				GENERATE_INFOPLIST_FILE = YES;
				LD_RUNPATH_SEARCH_PATHS = (
					"$(inherited)",
					"@executable_path/../Frameworks",
					"@loader_path/../Frameworks",
				);
				MACOSX_DEPLOYMENT_TARGET = 11.5;
				MARKETING_VERSION = 1.0;
				PRODUCT_BUNDLE_IDENTIFIER = "com.cwelsh.Tests-macOS";
				PRODUCT_NAME = "$(TARGET_NAME)";
				SDKROOT = macosx;
				SWIFT_EMIT_LOC_STRINGS = NO;
				SWIFT_VERSION = 5.0;
				TEST_TARGET_NAME = "Permissions Calculator (macOS)";
			};
			name = Debug;
		};
		7AFC74E926E5830C00E871DE /* Release */ = {
			isa = XCBuildConfiguration;
			buildSettings = {
				ALWAYS_EMBED_SWIFT_STANDARD_LIBRARIES = YES;
				CODE_SIGN_STYLE = Automatic;
				COMBINE_HIDPI_IMAGES = YES;
				CURRENT_PROJECT_VERSION = 1;
				DEVELOPMENT_TEAM = ZCCWFHG6T3;
				GENERATE_INFOPLIST_FILE = YES;
				LD_RUNPATH_SEARCH_PATHS = (
					"$(inherited)",
					"@executable_path/../Frameworks",
					"@loader_path/../Frameworks",
				);
				MACOSX_DEPLOYMENT_TARGET = 11.5;
				MARKETING_VERSION = 1.0;
				PRODUCT_BUNDLE_IDENTIFIER = "com.cwelsh.Tests-macOS";
				PRODUCT_NAME = "$(TARGET_NAME)";
				SDKROOT = macosx;
				SWIFT_EMIT_LOC_STRINGS = NO;
				SWIFT_VERSION = 5.0;
				TEST_TARGET_NAME = "Permissions Calculator (macOS)";
			};
			name = Release;
		};
/* End XCBuildConfiguration section */

/* Begin XCConfigurationList section */
		7AFC74B226E5830B00E871DE /* Build configuration list for PBXProject "RWX" */ = {
			isa = XCConfigurationList;
			buildConfigurations = (
				7AFC74DC26E5830C00E871DE /* Debug */,
				7AFC74DD26E5830C00E871DE /* Release */,
			);
			defaultConfigurationIsVisible = 0;
			defaultConfigurationName = Release;
		};
		7AFC74DE26E5830C00E871DE /* Build configuration list for PBXNativeTarget "RWX (iOS)" */ = {
			isa = XCConfigurationList;
			buildConfigurations = (
				7AFC74DF26E5830C00E871DE /* Debug */,
				7AFC74E026E5830C00E871DE /* Release */,
			);
			defaultConfigurationIsVisible = 0;
			defaultConfigurationName = Release;
		};
		7AFC74E126E5830C00E871DE /* Build configuration list for PBXNativeTarget "RWX (macOS)" */ = {
			isa = XCConfigurationList;
			buildConfigurations = (
				7AFC74E226E5830C00E871DE /* Debug */,
				7AFC74E326E5830C00E871DE /* Release */,
			);
			defaultConfigurationIsVisible = 0;
			defaultConfigurationName = Release;
		};
		7AFC74E426E5830C00E871DE /* Build configuration list for PBXNativeTarget "Tests iOS" */ = {
			isa = XCConfigurationList;
			buildConfigurations = (
				7AFC74E526E5830C00E871DE /* Debug */,
				7AFC74E626E5830C00E871DE /* Release */,
			);
			defaultConfigurationIsVisible = 0;
			defaultConfigurationName = Release;
		};
		7AFC74E726E5830C00E871DE /* Build configuration list for PBXNativeTarget "Tests macOS" */ = {
			isa = XCConfigurationList;
			buildConfigurations = (
				7AFC74E826E5830C00E871DE /* Debug */,
				7AFC74E926E5830C00E871DE /* Release */,
			);
			defaultConfigurationIsVisible = 0;
			defaultConfigurationName = Release;
		};
/* End XCConfigurationList section */
	};
	rootObject = 7AFC74AF26E5830B00E871DE /* Project object */;
}
